
Microsoft Visual Studio Solution File, Format Version 12.00
# Visual Studio Version 17
VisualStudioVersion = 17.14.36408.4 d17.14
MinimumVisualStudioVersion = 10.0.40219.1
Project("{FAE04EC0-301F-11D3-BF4B-00C04F79EFBC}") = "Aglet_Backend", "Aglet_Backend\Aglet_Backend.csproj", "{D2BDDFEA-8981-4441-899F-E4EAD68BA983}"
EndProject
Global
	GlobalSection(SolutionConfigurationPlatforms) = preSolution
		Debug|Any CPU = Debug|Any CPU
		Release|Any CPU = Release|Any CPU
	EndGlobalSection
	GlobalSection(ProjectConfigurationPlatforms) = postSolution
		{D2BDDFEA-8981-4441-899F-E4EAD68BA983}.Debug|Any CPU.ActiveCfg = Debug|Any CPU
		{D2BDDFEA-8981-4441-899F-E4EAD68BA983}.Debug|Any CPU.Build.0 = Debug|Any CPU
		{D2BDDFEA-8981-4441-899F-E4EAD68BA983}.Release|Any CPU.ActiveCfg = Release|Any CPU
		{D2BDDFEA-8981-4441-899F-E4EAD68BA983}.Release|Any CPU.Build.0 = Release|Any CPU
	EndGlobalSection
	GlobalSection(SolutionProperties) = preSolution
		HideSolutionNode = FALSE
	EndGlobalSection
	GlobalSection(ExtensibilityGlobals) = postSolution
		SolutionGuid = {4EF1FBD5-7B00-4958-B466-F249E8F79BE9}
	EndGlobalSection
EndGlobal
